
Microsoft Visual Studio Solution File, Format Version 12.00
# Visual Studio Version 17
VisualStudioVersion = 17.10.34928.147
MinimumVisualStudioVersion = 10.0.40219.1
Project("{9A19103F-16F7-4668-BE54-9A1E7A4F7556}") = "SWCodeReview", "SWCodeReview.csproj", "{9BA31C71-5981-43CE-AFA6-C327E9D27C59}"
EndProject
Global
	GlobalSection(SolutionConfigurationPlatforms) = preSolution
		Debug|Any CPU = Debug|Any CPU
		Release|Any CPU = Release|Any CPU
	EndGlobalSection
	GlobalSection(ProjectConfigurationPlatforms) = postSolution
		{9BA31C71-5981-43CE-AFA6-C327E9D27C59}.Debug|Any CPU.ActiveCfg = Debug|Any CPU
		{9BA31C71-5981-43CE-AFA6-C327E9D27C59}.Debug|Any CPU.Build.0 = Debug|Any CPU
		{9BA31C71-5981-43CE-AFA6-C327E9D27C59}.Release|Any CPU.ActiveCfg = Release|Any CPU
		{9BA31C71-5981-43CE-AFA6-C327E9D27C59}.Release|Any CPU.Build.0 = Release|Any CPU
	EndGlobalSection
	GlobalSection(SolutionProperties) = preSolution
		HideSolutionNode = FALSE
	EndGlobalSection
	GlobalSection(ExtensibilityGlobals) = postSolution
		SolutionGuid = {590EAA7E-D19D-4BE5-A7C0-D69B38635A27}
	EndGlobalSection
EndGlobal
